// !$*UTF8*$!
{
	archiveVersion = 1;
	classes = {
	};
	objectVersion = 46;
	objects = {

/* Begin PBXBuildFile section */
		182B4BD2EC39033E8E03777F /* Pods_HelloSDL.framework in Frameworks */ = {isa = PBXBuildFile; fileRef = 7D48D3D81677BB0110958EC2 /* Pods_HelloSDL.framework */; };
		7C2044351BE8E03C0029DCAF /* AppDelegate.swift in Sources */ = {isa = PBXBuildFile; fileRef = 7C2044341BE8E03C0029DCAF /* AppDelegate.swift */; };
		7C2044371BE8E03C0029DCAF /* ViewController.swift in Sources */ = {isa = PBXBuildFile; fileRef = 7C2044361BE8E03C0029DCAF /* ViewController.swift */; };
		7C20443A1BE8E03C0029DCAF /* Main.storyboard in Resources */ = {isa = PBXBuildFile; fileRef = 7C2044381BE8E03C0029DCAF /* Main.storyboard */; };
		7C20443C1BE8E03C0029DCAF /* Assets.xcassets in Resources */ = {isa = PBXBuildFile; fileRef = 7C20443B1BE8E03C0029DCAF /* Assets.xcassets */; };
		7C20443F1BE8E03C0029DCAF /* LaunchScreen.storyboard in Resources */ = {isa = PBXBuildFile; fileRef = 7C20443D1BE8E03C0029DCAF /* LaunchScreen.storyboard */; };
		7C2044491BE8E2700029DCAF /* LockScreenViewController.swift in Sources */ = {isa = PBXBuildFile; fileRef = 7C2044481BE8E2700029DCAF /* LockScreenViewController.swift */; };
		7C20444B1BE8F09F0029DCAF /* HSDLProxyManager.swift in Sources */ = {isa = PBXBuildFile; fileRef = 7C20444A1BE8F09F0029DCAF /* HSDLProxyManager.swift */; };
/* End PBXBuildFile section */

/* Begin PBXFileReference section */
		7C2044311BE8E03C0029DCAF /* HelloSDL.app */ = {isa = PBXFileReference; explicitFileType = wrapper.application; includeInIndex = 0; path = HelloSDL.app; sourceTree = BUILT_PRODUCTS_DIR; };
		7C2044341BE8E03C0029DCAF /* AppDelegate.swift */ = {isa = PBXFileReference; lastKnownFileType = sourcecode.swift; path = AppDelegate.swift; sourceTree = "<group>"; };
		7C2044361BE8E03C0029DCAF /* ViewController.swift */ = {isa = PBXFileReference; lastKnownFileType = sourcecode.swift; path = ViewController.swift; sourceTree = "<group>"; };
		7C2044391BE8E03C0029DCAF /* Base */ = {isa = PBXFileReference; lastKnownFileType = file.storyboard; name = Base; path = Base.lproj/Main.storyboard; sourceTree = "<group>"; };
		7C20443B1BE8E03C0029DCAF /* Assets.xcassets */ = {isa = PBXFileReference; lastKnownFileType = folder.assetcatalog; path = Assets.xcassets; sourceTree = "<group>"; };
		7C20443E1BE8E03C0029DCAF /* Base */ = {isa = PBXFileReference; lastKnownFileType = file.storyboard; name = Base; path = Base.lproj/LaunchScreen.storyboard; sourceTree = "<group>"; };
		7C2044401BE8E03C0029DCAF /* Info.plist */ = {isa = PBXFileReference; lastKnownFileType = text.plist.xml; path = Info.plist; sourceTree = "<group>"; };
		7C2044481BE8E2700029DCAF /* LockScreenViewController.swift */ = {isa = PBXFileReference; fileEncoding = 4; lastKnownFileType = sourcecode.swift; path = LockScreenViewController.swift; sourceTree = "<group>"; };
		7C20444A1BE8F09F0029DCAF /* HSDLProxyManager.swift */ = {isa = PBXFileReference; fileEncoding = 4; lastKnownFileType = sourcecode.swift; path = HSDLProxyManager.swift; sourceTree = "<group>"; };
		7C20444D1BE900860029DCAF /* HelloSDL-Bridging-Header.h */ = {isa = PBXFileReference; lastKnownFileType = sourcecode.c.h; path = "HelloSDL-Bridging-Header.h"; sourceTree = "<group>"; };
		7D48D3D81677BB0110958EC2 /* Pods_HelloSDL.framework */ = {isa = PBXFileReference; explicitFileType = wrapper.framework; includeInIndex = 0; path = Pods_HelloSDL.framework; sourceTree = BUILT_PRODUCTS_DIR; };
		A5E143473BFECDC802A5BBD2 /* Pods-HelloSDL.release.xcconfig */ = {isa = PBXFileReference; includeInIndex = 1; lastKnownFileType = text.xcconfig; name = "Pods-HelloSDL.release.xcconfig"; path = "../Pods/Target Support Files/Pods-HelloSDL/Pods-HelloSDL.release.xcconfig"; sourceTree = "<group>"; };
		D15FA1793B1E995D181B53FF /* Pods-HelloSDL.debug.xcconfig */ = {isa = PBXFileReference; includeInIndex = 1; lastKnownFileType = text.xcconfig; name = "Pods-HelloSDL.debug.xcconfig"; path = "../Pods/Target Support Files/Pods-HelloSDL/Pods-HelloSDL.debug.xcconfig"; sourceTree = "<group>"; };
/* End PBXFileReference section */

/* Begin PBXFrameworksBuildPhase section */
		7C20442E1BE8E03C0029DCAF /* Frameworks */ = {
			isa = PBXFrameworksBuildPhase;
			buildActionMask = 2147483647;
			files = (
				182B4BD2EC39033E8E03777F /* Pods_HelloSDL.framework in Frameworks */,
			);
			runOnlyForDeploymentPostprocessing = 0;
		};
/* End PBXFrameworksBuildPhase section */

/* Begin PBXGroup section */
		7C2044281BE8E03C0029DCAF = {
			isa = PBXGroup;
			children = (
				7C2044331BE8E03C0029DCAF /* HelloSDL */,
				7C2044321BE8E03C0029DCAF /* Products */,
				B4BED575896A4196EB9E3AB8 /* Pods */,
				AA8A01F3739665C7E57E4708 /* Frameworks */,
			);
			sourceTree = "<group>";
		};
		7C2044321BE8E03C0029DCAF /* Products */ = {
			isa = PBXGroup;
			children = (
				7C2044311BE8E03C0029DCAF /* HelloSDL.app */,
			);
			name = Products;
			sourceTree = "<group>";
		};
		7C2044331BE8E03C0029DCAF /* HelloSDL */ = {
			isa = PBXGroup;
			children = (
				7C2044341BE8E03C0029DCAF /* AppDelegate.swift */,
				7C2044461BE8E1DF0029DCAF /* Views */,
				7C2044471BE8E1E50029DCAF /* SDL */,
				7C2044381BE8E03C0029DCAF /* Main.storyboard */,
				7C20443B1BE8E03C0029DCAF /* Assets.xcassets */,
				7C20443D1BE8E03C0029DCAF /* LaunchScreen.storyboard */,
				7C2044401BE8E03C0029DCAF /* Info.plist */,
			);
			path = HelloSDL;
			sourceTree = "<group>";
		};
		7C2044461BE8E1DF0029DCAF /* Views */ = {
			isa = PBXGroup;
			children = (
				7C2044361BE8E03C0029DCAF /* ViewController.swift */,
				7C2044481BE8E2700029DCAF /* LockScreenViewController.swift */,
			);
			name = Views;
			sourceTree = "<group>";
		};
		7C2044471BE8E1E50029DCAF /* SDL */ = {
			isa = PBXGroup;
			children = (
				7C20444A1BE8F09F0029DCAF /* HSDLProxyManager.swift */,
				7C20444D1BE900860029DCAF /* HelloSDL-Bridging-Header.h */,
			);
			name = SDL;
			sourceTree = "<group>";
		};
		AA8A01F3739665C7E57E4708 /* Frameworks */ = {
			isa = PBXGroup;
			children = (
				7D48D3D81677BB0110958EC2 /* Pods_HelloSDL.framework */,
			);
			name = Frameworks;
			sourceTree = "<group>";
		};
		B4BED575896A4196EB9E3AB8 /* Pods */ = {
			isa = PBXGroup;
			children = (
				D15FA1793B1E995D181B53FF /* Pods-HelloSDL.debug.xcconfig */,
				A5E143473BFECDC802A5BBD2 /* Pods-HelloSDL.release.xcconfig */,
			);
			name = Pods;
			sourceTree = "<group>";
		};
/* End PBXGroup section */

/* Begin PBXNativeTarget section */
		7C2044301BE8E03C0029DCAF /* HelloSDL */ = {
			isa = PBXNativeTarget;
			buildConfigurationList = 7C2044431BE8E03C0029DCAF /* Build configuration list for PBXNativeTarget "HelloSDL" */;
			buildPhases = (
				AFD391CFBF06604A4FB326B3 /* Check Pods Manifest.lock */,
				7C20442D1BE8E03C0029DCAF /* Sources */,
				7C20442E1BE8E03C0029DCAF /* Frameworks */,
				7C20442F1BE8E03C0029DCAF /* Resources */,
				64F7A613A0AA6A11531AEBAD /* Embed Pods Frameworks */,
				D097683AC9CE35F210929E30 /* Copy Pods Resources */,
			);
			buildRules = (
			);
			dependencies = (
			);
			name = HelloSDL;
			productName = HelloSDL;
			productReference = 7C2044311BE8E03C0029DCAF /* HelloSDL.app */;
			productType = "com.apple.product-type.application";
		};
/* End PBXNativeTarget section */

/* Begin PBXProject section */
		7C2044291BE8E03C0029DCAF /* Project object */ = {
			isa = PBXProject;
			attributes = {
				LastSwiftUpdateCheck = 0710;
				LastUpgradeCheck = 0710;
				ORGANIZATIONNAME = Ford;
				TargetAttributes = {
					7C2044301BE8E03C0029DCAF = {
						CreatedOnToolsVersion = 7.1;
						LastSwiftMigration = 0800;
						SystemCapabilities = {
							com.apple.BackgroundModes = {
								enabled = 1;
							};
						};
					};
				};
			};
			buildConfigurationList = 7C20442C1BE8E03C0029DCAF /* Build configuration list for PBXProject "HelloSDL" */;
			compatibilityVersion = "Xcode 3.2";
			developmentRegion = English;
			hasScannedForEncodings = 0;
			knownRegions = (
				en,
				Base,
			);
			mainGroup = 7C2044281BE8E03C0029DCAF;
			productRefGroup = 7C2044321BE8E03C0029DCAF /* Products */;
			projectDirPath = "";
			projectRoot = "";
			targets = (
				7C2044301BE8E03C0029DCAF /* HelloSDL */,
			);
		};
/* End PBXProject section */

/* Begin PBXResourcesBuildPhase section */
		7C20442F1BE8E03C0029DCAF /* Resources */ = {
			isa = PBXResourcesBuildPhase;
			buildActionMask = 2147483647;
			files = (
				7C20443F1BE8E03C0029DCAF /* LaunchScreen.storyboard in Resources */,
				7C20443C1BE8E03C0029DCAF /* Assets.xcassets in Resources */,
				7C20443A1BE8E03C0029DCAF /* Main.storyboard in Resources */,
			);
			runOnlyForDeploymentPostprocessing = 0;
		};
/* End PBXResourcesBuildPhase section */

/* Begin PBXShellScriptBuildPhase section */
		64F7A613A0AA6A11531AEBAD /* Embed Pods Frameworks */ = {
			isa = PBXShellScriptBuildPhase;
			buildActionMask = 2147483647;
			files = (
			);
			inputPaths = (
			);
			name = "Embed Pods Frameworks";
			outputPaths = (
			);
			runOnlyForDeploymentPostprocessing = 0;
			shellPath = /bin/sh;
			shellScript = "\"${SRCROOT}/../Pods/Target Support Files/Pods-HelloSDL/Pods-HelloSDL-frameworks.sh\"\n";
			showEnvVarsInLog = 0;
		};
		AFD391CFBF06604A4FB326B3 /* Check Pods Manifest.lock */ = {
			isa = PBXShellScriptBuildPhase;
			buildActionMask = 2147483647;
			files = (
			);
			inputPaths = (
			);
			name = "Check Pods Manifest.lock";
			outputPaths = (
			);
			runOnlyForDeploymentPostprocessing = 0;
			shellPath = /bin/sh;
			shellScript = "diff \"${PODS_ROOT}/../Podfile.lock\" \"${PODS_ROOT}/Manifest.lock\" > /dev/null\nif [[ $? != 0 ]] ; then\n    cat << EOM\nerror: The sandbox is not in sync with the Podfile.lock. Run 'pod install' or update your CocoaPods installation.\nEOM\n    exit 1\nfi\n";
			showEnvVarsInLog = 0;
		};
		D097683AC9CE35F210929E30 /* Copy Pods Resources */ = {
			isa = PBXShellScriptBuildPhase;
			buildActionMask = 2147483647;
			files = (
			);
			inputPaths = (
			);
			name = "Copy Pods Resources";
			outputPaths = (
			);
			runOnlyForDeploymentPostprocessing = 0;
			shellPath = /bin/sh;
			shellScript = "\"${SRCROOT}/../Pods/Target Support Files/Pods-HelloSDL/Pods-HelloSDL-resources.sh\"\n";
			showEnvVarsInLog = 0;
		};
/* End PBXShellScriptBuildPhase section */

/* Begin PBXSourcesBuildPhase section */
		7C20442D1BE8E03C0029DCAF /* Sources */ = {
			isa = PBXSourcesBuildPhase;
			buildActionMask = 2147483647;
			files = (
				7C2044371BE8E03C0029DCAF /* ViewController.swift in Sources */,
				7C20444B1BE8F09F0029DCAF /* HSDLProxyManager.swift in Sources */,
				7C2044491BE8E2700029DCAF /* LockScreenViewController.swift in Sources */,
				7C2044351BE8E03C0029DCAF /* AppDelegate.swift in Sources */,
			);
			runOnlyForDeploymentPostprocessing = 0;
		};
/* End PBXSourcesBuildPhase section */

/* Begin PBXVariantGroup section */
		7C2044381BE8E03C0029DCAF /* Main.storyboard */ = {
			isa = PBXVariantGroup;
			children = (
				7C2044391BE8E03C0029DCAF /* Base */,
			);
			name = Main.storyboard;
			sourceTree = "<group>";
		};
		7C20443D1BE8E03C0029DCAF /* LaunchScreen.storyboard */ = {
			isa = PBXVariantGroup;
			children = (
				7C20443E1BE8E03C0029DCAF /* Base */,
			);
			name = LaunchScreen.storyboard;
			sourceTree = "<group>";
		};
/* End PBXVariantGroup section */

/* Begin XCBuildConfiguration section */
		7C2044411BE8E03C0029DCAF /* Debug */ = {
			isa = XCBuildConfiguration;
			buildSettings = {
				ALWAYS_SEARCH_USER_PATHS = NO;
				CLANG_CXX_LANGUAGE_STANDARD = "gnu++0x";
				CLANG_CXX_LIBRARY = "libc++";
				CLANG_ENABLE_MODULES = YES;
				CLANG_ENABLE_OBJC_ARC = YES;
				CLANG_WARN_BOOL_CONVERSION = YES;
				CLANG_WARN_CONSTANT_CONVERSION = YES;
				CLANG_WARN_DIRECT_OBJC_ISA_USAGE = YES_ERROR;
				CLANG_WARN_EMPTY_BODY = YES;
				CLANG_WARN_ENUM_CONVERSION = YES;
				CLANG_WARN_INT_CONVERSION = YES;
				CLANG_WARN_OBJC_ROOT_CLASS = YES_ERROR;
				CLANG_WARN_UNREACHABLE_CODE = YES;
				CLANG_WARN__DUPLICATE_METHOD_MATCH = YES;
				"CODE_SIGN_IDENTITY[sdk=iphoneos*]" = "iPhone Developer";
				COPY_PHASE_STRIP = NO;
				DEBUG_INFORMATION_FORMAT = dwarf;
				ENABLE_STRICT_OBJC_MSGSEND = YES;
				ENABLE_TESTABILITY = YES;
				GCC_C_LANGUAGE_STANDARD = gnu99;
				GCC_DYNAMIC_NO_PIC = NO;
				GCC_NO_COMMON_BLOCKS = YES;
				GCC_OPTIMIZATION_LEVEL = 0;
				GCC_PREPROCESSOR_DEFINITIONS = (
					"DEBUG=1",
					"$(inherited)",
				);
				GCC_WARN_64_TO_32_BIT_CONVERSION = YES;
				GCC_WARN_ABOUT_RETURN_TYPE = YES_ERROR;
				GCC_WARN_UNDECLARED_SELECTOR = YES;
				GCC_WARN_UNINITIALIZED_AUTOS = YES_AGGRESSIVE;
				GCC_WARN_UNUSED_FUNCTION = YES;
				GCC_WARN_UNUSED_VARIABLE = YES;
				IPHONEOS_DEPLOYMENT_TARGET = 9.1;
				MTL_ENABLE_DEBUG_INFO = YES;
				ONLY_ACTIVE_ARCH = YES;
				SDKROOT = iphoneos;
				SWIFT_OBJC_BRIDGING_HEADER = "HelloSDL/HelloSDL-Bridging-Header.h";
				SWIFT_OPTIMIZATION_LEVEL = "-Onone";
			};
			name = Debug;
		};
		7C2044421BE8E03C0029DCAF /* Release */ = {
			isa = XCBuildConfiguration;
			buildSettings = {
				ALWAYS_SEARCH_USER_PATHS = NO;
				CLANG_CXX_LANGUAGE_STANDARD = "gnu++0x";
				CLANG_CXX_LIBRARY = "libc++";
				CLANG_ENABLE_MODULES = YES;
				CLANG_ENABLE_OBJC_ARC = YES;
				CLANG_WARN_BOOL_CONVERSION = YES;
				CLANG_WARN_CONSTANT_CONVERSION = YES;
				CLANG_WARN_DIRECT_OBJC_ISA_USAGE = YES_ERROR;
				CLANG_WARN_EMPTY_BODY = YES;
				CLANG_WARN_ENUM_CONVERSION = YES;
				CLANG_WARN_INT_CONVERSION = YES;
				CLANG_WARN_OBJC_ROOT_CLASS = YES_ERROR;
				CLANG_WARN_UNREACHABLE_CODE = YES;
				CLANG_WARN__DUPLICATE_METHOD_MATCH = YES;
				"CODE_SIGN_IDENTITY[sdk=iphoneos*]" = "iPhone Developer";
				COPY_PHASE_STRIP = NO;
				DEBUG_INFORMATION_FORMAT = "dwarf-with-dsym";
				ENABLE_NS_ASSERTIONS = NO;
				ENABLE_STRICT_OBJC_MSGSEND = YES;
				GCC_C_LANGUAGE_STANDARD = gnu99;
				GCC_NO_COMMON_BLOCKS = YES;
				GCC_WARN_64_TO_32_BIT_CONVERSION = YES;
				GCC_WARN_ABOUT_RETURN_TYPE = YES_ERROR;
				GCC_WARN_UNDECLARED_SELECTOR = YES;
				GCC_WARN_UNINITIALIZED_AUTOS = YES_AGGRESSIVE;
				GCC_WARN_UNUSED_FUNCTION = YES;
				GCC_WARN_UNUSED_VARIABLE = YES;
				IPHONEOS_DEPLOYMENT_TARGET = 9.1;
				MTL_ENABLE_DEBUG_INFO = NO;
				SDKROOT = iphoneos;
				SWIFT_OBJC_BRIDGING_HEADER = "HelloSDL/HelloSDL-Bridging-Header.h";
				VALIDATE_PRODUCT = YES;
			};
			name = Release;
		};
		7C2044441BE8E03C0029DCAF /* Debug */ = {
			isa = XCBuildConfiguration;
			baseConfigurationReference = D15FA1793B1E995D181B53FF /* Pods-HelloSDL.debug.xcconfig */;
			buildSettings = {
				ASSETCATALOG_COMPILER_APPICON_NAME = AppIcon;
				INFOPLIST_FILE = HelloSDL/Info.plist;
				LD_RUNPATH_SEARCH_PATHS = "$(inherited) @executable_path/Frameworks";
				PRODUCT_BUNDLE_IDENTIFIER = com.ford.HelloSDL;
				PRODUCT_NAME = "$(TARGET_NAME)";
				SWIFT_VERSION = 2.3;
			};
			name = Debug;
		};
		7C2044451BE8E03C0029DCAF /* Release */ = {
			isa = XCBuildConfiguration;
			baseConfigurationReference = A5E143473BFECDC802A5BBD2 /* Pods-HelloSDL.release.xcconfig */;
			buildSettings = {
				ASSETCATALOG_COMPILER_APPICON_NAME = AppIcon;
				INFOPLIST_FILE = HelloSDL/Info.plist;
				LD_RUNPATH_SEARCH_PATHS = "$(inherited) @executable_path/Frameworks";
				PRODUCT_BUNDLE_IDENTIFIER = com.ford.HelloSDL;
				PRODUCT_NAME = "$(TARGET_NAME)";
				SWIFT_VERSION = 2.3;
			};
			name = Release;
		};
/* End XCBuildConfiguration section */

/* Begin XCConfigurationList section */
		7C20442C1BE8E03C0029DCAF /* Build configuration list for PBXProject "HelloSDL" */ = {
			isa = XCConfigurationList;
			buildConfigurations = (
				7C2044411BE8E03C0029DCAF /* Debug */,
				7C2044421BE8E03C0029DCAF /* Release */,
			);
			defaultConfigurationIsVisible = 0;
			defaultConfigurationName = Release;
		};
		7C2044431BE8E03C0029DCAF /* Build configuration list for PBXNativeTarget "HelloSDL" */ = {
			isa = XCConfigurationList;
			buildConfigurations = (
				7C2044441BE8E03C0029DCAF /* Debug */,
				7C2044451BE8E03C0029DCAF /* Release */,
			);
			defaultConfigurationIsVisible = 0;
			defaultConfigurationName = Release;
		};
/* End XCConfigurationList section */
	};
	rootObject = 7C2044291BE8E03C0029DCAF /* Project object */;
}
